
Microsoft Visual Studio Solution File, Format Version 12.00
# Visual Studio Version 16
VisualStudioVersion = 16.0.30204.135
MinimumVisualStudioVersion = 10.0.40219.1
Project("{FAE04EC0-301F-11D3-BF4B-00C04F79EFBC}") = "BT-MVC6-QnA.DAL", "BT-MVC6-QnA.DAL\BT-MVC6-QnA.DAL.csproj", "{40DBB8D9-524D-4C06-AADA-243476DAEF12}"
EndProject
Project("{FAE04EC0-301F-11D3-BF4B-00C04F79EFBC}") = "BT-MVC6-QnA.BL", "BT-MVC6-QnA.BL\BT-MVC6-QnA.BL.csproj", "{53E30A0C-8526-478E-8F32-90C8B88ABEB8}"
EndProject
Global
	GlobalSection(SolutionConfigurationPlatforms) = preSolution
		Debug|Any CPU = Debug|Any CPU
		Release|Any CPU = Release|Any CPU
	EndGlobalSection
	GlobalSection(ProjectConfigurationPlatforms) = postSolution
		{40DBB8D9-524D-4C06-AADA-243476DAEF12}.Debug|Any CPU.ActiveCfg = Debug|Any CPU
		{40DBB8D9-524D-4C06-AADA-243476DAEF12}.Debug|Any CPU.Build.0 = Debug|Any CPU
		{40DBB8D9-524D-4C06-AADA-243476DAEF12}.Release|Any CPU.ActiveCfg = Release|Any CPU
		{40DBB8D9-524D-4C06-AADA-243476DAEF12}.Release|Any CPU.Build.0 = Release|Any CPU
		{53E30A0C-8526-478E-8F32-90C8B88ABEB8}.Debug|Any CPU.ActiveCfg = Debug|Any CPU
		{53E30A0C-8526-478E-8F32-90C8B88ABEB8}.Debug|Any CPU.Build.0 = Debug|Any CPU
		{53E30A0C-8526-478E-8F32-90C8B88ABEB8}.Release|Any CPU.ActiveCfg = Release|Any CPU
		{53E30A0C-8526-478E-8F32-90C8B88ABEB8}.Release|Any CPU.Build.0 = Release|Any CPU
	EndGlobalSection
	GlobalSection(SolutionProperties) = preSolution
		HideSolutionNode = FALSE
	EndGlobalSection
	GlobalSection(ExtensibilityGlobals) = postSolution
		SolutionGuid = {47507215-B17F-4E86-9558-EC4315D0D933}
	EndGlobalSection
EndGlobal
